{
  "nodes": {
    "flake-compatish": {
      "locked": {
        "lastModified": 1783975188,
        "narHash": "sha256-GH6Z1/0LXbQ6tKEWwpeVfrWvWvCJhte8B6yTQMMtIfQ=",
        "owner": "lillecarl",
        "repo": "flake-compatish",
        "rev": "1a139e919618779b02154f8b9f05d5346a0aabf1",
        "type": "github"
      },
      "original": {
        "owner": "lillecarl",
        "repo": "flake-compatish",
        "type": "github"
      }
    },
    "nanopynix": {
      "inputs": {
        "nixpkgs": [
          "nixpkgs"
        ]
      },
      "locked": {
        "lastModified": 1783872059,
        "narHash": "sha256-zDUwFEjnD+WazSnPt6J5MA3NKs6XfoHLTjygvP2KGvQ=",
        "owner": "lillecarl",
        "repo": "nanopynix",
        "rev": "2fb0ef8a2e4a8f4adf0054d5a1f1f510e0b56675",
        "type": "github"
      },
      "original": {
        "owner": "lillecarl",
        "ref": "develop",
        "repo": "nanopynix",
        "type": "github"
      }
    },
    "nixpkgs": {
      "locked": {
        "lastModified": 1783279667,
        "narHash": "sha256-/NAkDSsve+GNM0Bt6tleJdCGfsTlK89nPjkVOzZMo0s=",
        "owner": "nixos",
        "repo": "nixpkgs",
        "rev": "f205b5574fd0cb7da5b702a2da51507b7f4fdd1b",
        "type": "github"
      },
      "original": {
        "owner": "nixos",
        "ref": "nixpkgs-unstable",
        "repo": "nixpkgs",
        "type": "github"
      }
    },
    "root": {
      "inputs": {
        "flake-compatish": "flake-compatish",
        "nanopynix": "nanopynix",
        "nixpkgs": "nixpkgs"
      }
    }
  },
  "root": "root",
  "version": 7
}
